
Microsoft Visual Studio Solution File, Format Version 12.00
# Visual Studio 15
VisualStudioVersion = 15.0.27703.2035
MinimumVisualStudioVersion = 10.0.40219.1
Project("{FAE04EC0-301F-11D3-BF4B-00C04F79EFBC}") = "Agenda", "CadastroDeCliente\Agenda.csproj", "{EB2B07F4-3F44-4678-BF37-C7428D3ADF3C}"
EndProject
Global
	GlobalSection(SolutionConfigurationPlatforms) = preSolution
		Debug|Any CPU = Debug|Any CPU
		Release|Any CPU = Release|Any CPU
	EndGlobalSection
	GlobalSection(ProjectConfigurationPlatforms) = postSolution
		{EB2B07F4-3F44-4678-BF37-C7428D3ADF3C}.Debug|Any CPU.ActiveCfg = Debug|Any CPU
		{EB2B07F4-3F44-4678-BF37-C7428D3ADF3C}.Debug|Any CPU.Build.0 = Debug|Any CPU
		{EB2B07F4-3F44-4678-BF37-C7428D3ADF3C}.Release|Any CPU.ActiveCfg = Release|Any CPU
		{EB2B07F4-3F44-4678-BF37-C7428D3ADF3C}.Release|Any CPU.Build.0 = Release|Any CPU
	EndGlobalSection
	GlobalSection(SolutionProperties) = preSolution
		HideSolutionNode = FALSE
	EndGlobalSection
	GlobalSection(ExtensibilityGlobals) = postSolution
		SolutionGuid = {97AC3D70-ACC1-44B1-A53B-1F7CC4449A28}
	EndGlobalSection
EndGlobal
